
Microsoft Visual Studio Solution File, Format Version 12.00
# Visual Studio 15
VisualStudioVersion = 15.0.27130.2024
MinimumVisualStudioVersion = 10.0.40219.1
Project("{FAE04EC0-301F-11D3-BF4B-00C04F79EFBC}") = "WebCommon", "WebCommon\WebCommon.csproj", "{A31B4814-9FE2-4A15-BAFA-45B70ED8C1D1}"
EndProject
Project("{FAE04EC0-301F-11D3-BF4B-00C04F79EFBC}") = "ClientCommon", "ClientCommon\ClientCommon.csproj", "{4F74FABB-01C5-4C59-8595-57BB9BCE7AD1}"
EndProject
Global
	GlobalSection(SolutionConfigurationPlatforms) = preSolution
		Debug|Any CPU = Debug|Any CPU
		Release|Any CPU = Release|Any CPU
	EndGlobalSection
	GlobalSection(ProjectConfigurationPlatforms) = postSolution
		{A31B4814-9FE2-4A15-BAFA-45B70ED8C1D1}.Debug|Any CPU.ActiveCfg = Debug|Any CPU
		{A31B4814-9FE2-4A15-BAFA-45B70ED8C1D1}.Debug|Any CPU.Build.0 = Debug|Any CPU
		{A31B4814-9FE2-4A15-BAFA-45B70ED8C1D1}.Release|Any CPU.ActiveCfg = Release|Any CPU
		{A31B4814-9FE2-4A15-BAFA-45B70ED8C1D1}.Release|Any CPU.Build.0 = Release|Any CPU
		{4F74FABB-01C5-4C59-8595-57BB9BCE7AD1}.Debug|Any CPU.ActiveCfg = Debug|Any CPU
		{4F74FABB-01C5-4C59-8595-57BB9BCE7AD1}.Debug|Any CPU.Build.0 = Debug|Any CPU
		{4F74FABB-01C5-4C59-8595-57BB9BCE7AD1}.Release|Any CPU.ActiveCfg = Release|Any CPU
		{4F74FABB-01C5-4C59-8595-57BB9BCE7AD1}.Release|Any CPU.Build.0 = Release|Any CPU
	EndGlobalSection
	GlobalSection(SolutionProperties) = preSolution
		HideSolutionNode = FALSE
	EndGlobalSection
	GlobalSection(ExtensibilityGlobals) = postSolution
		SolutionGuid = {B5225EBD-E1D1-44D9-9610-A4172C5FDCE3}
	EndGlobalSection
EndGlobal
